
Microsoft Visual Studio Solution File, Format Version 12.00
# Visual Studio Version 17
VisualStudioVersion = 17.14.36327.8 d17.14
MinimumVisualStudioVersion = 10.0.40219.1
Project("{FAE04EC0-301F-11D3-BF4B-00C04F79EFBC}") = "LocalStreamPC", "LocalStreamPC\LocalStreamPC.csproj", "{461800CD-BF3A-46EB-8F43-419151FC7984}"
EndProject
Global
	GlobalSection(SolutionConfigurationPlatforms) = preSolution
		Debug|Any CPU = Debug|Any CPU
		Release|Any CPU = Release|Any CPU
	EndGlobalSection
	GlobalSection(ProjectConfigurationPlatforms) = postSolution
		{461800CD-BF3A-46EB-8F43-419151FC7984}.Debug|Any CPU.ActiveCfg = Debug|Any CPU
		{461800CD-BF3A-46EB-8F43-419151FC7984}.Debug|Any CPU.Build.0 = Debug|Any CPU
		{461800CD-BF3A-46EB-8F43-419151FC7984}.Release|Any CPU.ActiveCfg = Release|Any CPU
		{461800CD-BF3A-46EB-8F43-419151FC7984}.Release|Any CPU.Build.0 = Release|Any CPU
	EndGlobalSection
	GlobalSection(SolutionProperties) = preSolution
		HideSolutionNode = FALSE
	EndGlobalSection
	GlobalSection(ExtensibilityGlobals) = postSolution
		SolutionGuid = {F16CC9F1-7C60-4326-859E-CE370BD87403}
	EndGlobalSection
EndGlobal
